
Microsoft Visual Studio Solution File, Format Version 12.00
# Visual Studio Version 17
VisualStudioVersion = 17.0.31903.59
MinimumVisualStudioVersion = 10.0.40219.1
Project("{2150E333-8FDC-42A3-9474-1A3956D46DE8}") = "src", "src", "{827E0CD3-B72D-47B6-A68D-7590B98EB39B}"
EndProject
Project("{2150E333-8FDC-42A3-9474-1A3956D46DE8}") = "Services", "Services", "{984BB9B3-3FA3-BE33-9484-CAC21695A33C}"
EndProject
Project("{FAE04EC0-301F-11D3-BF4B-00C04F79EFBC}") = "ToyRobot.Api", "src\Services\ToyRobot.Api\ToyRobot.Api.csproj", "{0E9A88E1-36A8-4934-9301-AD03FD057A14}"
EndProject
Project("{FAE04EC0-301F-11D3-BF4B-00C04F79EFBC}") = "ToyRobot.Domain", "src\Services\ToyRobot.Domain\ToyRobot.Domain.csproj", "{C70365BF-67EE-4632-B5FF-A47A0FBE8D56}"
EndProject
Project("{FAE04EC0-301F-11D3-BF4B-00C04F79EFBC}") = "ToyRobot.Infrastructure", "src\Services\ToyRobot.Infrastructure\ToyRobot.Infrastructure.csproj", "{22CCD0A6-8C39-4E69-9CBA-1570C33F6C83}"
EndProject
Project("{2150E333-8FDC-42A3-9474-1A3956D46DE8}") = "tests", "tests", "{0AB3BF05-4346-4AA6-1389-037BE0695223}"
EndProject
Project("{FAE04EC0-301F-11D3-BF4B-00C04F79EFBC}") = "ToyRobot.Domain.Tests", "tests\ToyRobot.Domain.Tests\ToyRobot.Domain.Tests.csproj", "{7417DD34-CF10-4FDE-A99A-CC7B518D263C}"
EndProject
Global
	GlobalSection(SolutionConfigurationPlatforms) = preSolution
		Debug|Any CPU = Debug|Any CPU
		Debug|x64 = Debug|x64
		Debug|x86 = Debug|x86
		Release|Any CPU = Release|Any CPU
		Release|x64 = Release|x64
		Release|x86 = Release|x86
	EndGlobalSection
	GlobalSection(ProjectConfigurationPlatforms) = postSolution
		{0E9A88E1-36A8-4934-9301-AD03FD057A14}.Debug|Any CPU.ActiveCfg = Debug|Any CPU
		{0E9A88E1-36A8-4934-9301-AD03FD057A14}.Debug|Any CPU.Build.0 = Debug|Any CPU
		{0E9A88E1-36A8-4934-9301-AD03FD057A14}.Debug|x64.ActiveCfg = Debug|Any CPU
		{0E9A88E1-36A8-4934-9301-AD03FD057A14}.Debug|x64.Build.0 = Debug|Any CPU
		{0E9A88E1-36A8-4934-9301-AD03FD057A14}.Debug|x86.ActiveCfg = Debug|Any CPU
		{0E9A88E1-36A8-4934-9301-AD03FD057A14}.Debug|x86.Build.0 = Debug|Any CPU
		{0E9A88E1-36A8-4934-9301-AD03FD057A14}.Release|Any CPU.ActiveCfg = Release|Any CPU
		{0E9A88E1-36A8-4934-9301-AD03FD057A14}.Release|Any CPU.Build.0 = Release|Any CPU
		{0E9A88E1-36A8-4934-9301-AD03FD057A14}.Release|x64.ActiveCfg = Release|Any CPU
		{0E9A88E1-36A8-4934-9301-AD03FD057A14}.Release|x64.Build.0 = Release|Any CPU
		{0E9A88E1-36A8-4934-9301-AD03FD057A14}.Release|x86.ActiveCfg = Release|Any CPU
		{0E9A88E1-36A8-4934-9301-AD03FD057A14}.Release|x86.Build.0 = Release|Any CPU
		{C70365BF-67EE-4632-B5FF-A47A0FBE8D56}.Debug|Any CPU.ActiveCfg = Debug|Any CPU
		{C70365BF-67EE-4632-B5FF-A47A0FBE8D56}.Debug|Any CPU.Build.0 = Debug|Any CPU
		{C70365BF-67EE-4632-B5FF-A47A0FBE8D56}.Debug|x64.ActiveCfg = Debug|Any CPU
		{C70365BF-67EE-4632-B5FF-A47A0FBE8D56}.Debug|x64.Build.0 = Debug|Any CPU
		{C70365BF-67EE-4632-B5FF-A47A0FBE8D56}.Debug|x86.ActiveCfg = Debug|Any CPU
		{C70365BF-67EE-4632-B5FF-A47A0FBE8D56}.Debug|x86.Build.0 = Debug|Any CPU
		{C70365BF-67EE-4632-B5FF-A47A0FBE8D56}.Release|Any CPU.ActiveCfg = Release|Any CPU
		{C70365BF-67EE-4632-B5FF-A47A0FBE8D56}.Release|Any CPU.Build.0 = Release|Any CPU
		{C70365BF-67EE-4632-B5FF-A47A0FBE8D56}.Release|x64.ActiveCfg = Release|Any CPU
		{C70365BF-67EE-4632-B5FF-A47A0FBE8D56}.Release|x64.Build.0 = Release|Any CPU
		{C70365BF-67EE-4632-B5FF-A47A0FBE8D56}.Release|x86.ActiveCfg = Release|Any CPU
		{C70365BF-67EE-4632-B5FF-A47A0FBE8D56}.Release|x86.Build.0 = Release|Any CPU
		{22CCD0A6-8C39-4E69-9CBA-1570C33F6C83}.Debug|Any CPU.ActiveCfg = Debug|Any CPU
		{22CCD0A6-8C39-4E69-9CBA-1570C33F6C83}.Debug|Any CPU.Build.0 = Debug|Any CPU
		{22CCD0A6-8C39-4E69-9CBA-1570C33F6C83}.Debug|x64.ActiveCfg = Debug|Any CPU
		{22CCD0A6-8C39-4E69-9CBA-1570C33F6C83}.Debug|x64.Build.0 = Debug|Any CPU
		{22CCD0A6-8C39-4E69-9CBA-1570C33F6C83}.Debug|x86.ActiveCfg = Debug|Any CPU
		{22CCD0A6-8C39-4E69-9CBA-1570C33F6C83}.Debug|x86.Build.0 = Debug|Any CPU
		{22CCD0A6-8C39-4E69-9CBA-1570C33F6C83}.Release|Any CPU.ActiveCfg = Release|Any CPU
		{22CCD0A6-8C39-4E69-9CBA-1570C33F6C83}.Release|Any CPU.Build.0 = Release|Any CPU
		{22CCD0A6-8C39-4E69-9CBA-1570C33F6C83}.Release|x64.ActiveCfg = Release|Any CPU
		{22CCD0A6-8C39-4E69-9CBA-1570C33F6C83}.Release|x64.Build.0 = Release|Any CPU
		{22CCD0A6-8C39-4E69-9CBA-1570C33F6C83}.Release|x86.ActiveCfg = Release|Any CPU
		{22CCD0A6-8C39-4E69-9CBA-1570C33F6C83}.Release|x86.Build.0 = Release|Any CPU
		{7417DD34-CF10-4FDE-A99A-CC7B518D263C}.Debug|Any CPU.ActiveCfg = Debug|Any CPU
		{7417DD34-CF10-4FDE-A99A-CC7B518D263C}.Debug|Any CPU.Build.0 = Debug|Any CPU
		{7417DD34-CF10-4FDE-A99A-CC7B518D263C}.Debug|x64.ActiveCfg = Debug|Any CPU
		{7417DD34-CF10-4FDE-A99A-CC7B518D263C}.Debug|x64.Build.0 = Debug|Any CPU
		{7417DD34-CF10-4FDE-A99A-CC7B518D263C}.Debug|x86.ActiveCfg = Debug|Any CPU
		{7417DD34-CF10-4FDE-A99A-CC7B518D263C}.Debug|x86.Build.0 = Debug|Any CPU
		{7417DD34-CF10-4FDE-A99A-CC7B518D263C}.Release|Any CPU.ActiveCfg = Release|Any CPU
		{7417DD34-CF10-4FDE-A99A-CC7B518D263C}.Release|Any CPU.Build.0 = Release|Any CPU
		{7417DD34-CF10-4FDE-A99A-CC7B518D263C}.Release|x64.ActiveCfg = Release|Any CPU
		{7417DD34-CF10-4FDE-A99A-CC7B518D263C}.Release|x64.Build.0 = Release|Any CPU
		{7417DD34-CF10-4FDE-A99A-CC7B518D263C}.Release|x86.ActiveCfg = Release|Any CPU
		{7417DD34-CF10-4FDE-A99A-CC7B518D263C}.Release|x86.Build.0 = Release|Any CPU
	EndGlobalSection
	GlobalSection(SolutionProperties) = preSolution
		HideSolutionNode = FALSE
	EndGlobalSection
	GlobalSection(NestedProjects) = preSolution
		{984BB9B3-3FA3-BE33-9484-CAC21695A33C} = {827E0CD3-B72D-47B6-A68D-7590B98EB39B}
		{0E9A88E1-36A8-4934-9301-AD03FD057A14} = {984BB9B3-3FA3-BE33-9484-CAC21695A33C}
		{C70365BF-67EE-4632-B5FF-A47A0FBE8D56} = {984BB9B3-3FA3-BE33-9484-CAC21695A33C}
		{22CCD0A6-8C39-4E69-9CBA-1570C33F6C83} = {984BB9B3-3FA3-BE33-9484-CAC21695A33C}
		{7417DD34-CF10-4FDE-A99A-CC7B518D263C} = {0AB3BF05-4346-4AA6-1389-037BE0695223}
	EndGlobalSection
EndGlobal
